{
  "_readme": [
    "This file locks the dependencies of your project to a known state",
    "Read more about it at https://getcomposer.org/doc/01-basic-usage.md#installing-dependencies",
    "This file is @generated automatically"
  ],
  "content-hash": "4dc8d10d86778e71b6139bf8e33264ad",
  "packages": [
    {
      "name": "priceva/priceva-sdk-php",
      "version": "dev-master",
      "source": {
        "type": "git",
        "url": "https://github.com/priceva/priceva-sdk-php.git",
        "reference": "509f0f9dbf631281a4d76b56c426b48777342888"
      },
      "dist": {
        "type": "zip",
        "url": "https://api.github.com/repos/priceva/priceva-sdk-php/zipball/509f0f9dbf631281a4d76b56c426b48777342888",
        "reference": "509f0f9dbf631281a4d76b56c426b48777342888",
        "shasum": ""
      },
      "require": {
        "ext-curl": "*",
        "ext-json": "*",
        "php": ">=5.4"
      },
      "require-dev": {
        "phpunit/phpunit": "*"
      },
      "type": "library",
      "autoload": {
        "psr-4": {
          "Priceva\\": "src/"
        }
      },
      "notification-url": "https://packagist.org/downloads/",
      "license": [
        "MIT"
      ],
      "authors": [
        {
          "name": "Stanislav Belichenko",
          "email": "stanislav@priceva.com"
        }
      ],
      "description": "later",
      "homepage": "https://github.com/priceva/priceva-sdk-php",
      "keywords": [
        "api",
        "php",
        "priceva"
      ],
      "time": "2018-10-25T15:49:29+00:00"
    }
  ],
  "packages-dev": [],
  "aliases": [],
  "minimum-stability": "dev",
  "stability-flags": [],
  "prefer-stable": false,
  "prefer-lowest": false,
  "platform": {
    "php": ">=7.2"
  },
  "platform-dev": []
}
